
Microsoft Visual Studio Solution File, Format Version 12.00
# Visual Studio Version 16
VisualStudioVersion = 16.0.28803.452
MinimumVisualStudioVersion = 10.0.40219.1
Project("{FAE04EC0-301F-11D3-BF4B-00C04F79EFBC}") = "MTD eil ilgis", "MTD eil ilgis\MTD eil ilgis.csproj", "{6DF6B175-8002-44C4-B26E-51452666035E}"
EndProject
Global
	GlobalSection(SolutionConfigurationPlatforms) = preSolution
		Debug|Any CPU = Debug|Any CPU
		Release|Any CPU = Release|Any CPU
	EndGlobalSection
	GlobalSection(ProjectConfigurationPlatforms) = postSolution
		{6DF6B175-8002-44C4-B26E-51452666035E}.Debug|Any CPU.ActiveCfg = Debug|Any CPU
		{6DF6B175-8002-44C4-B26E-51452666035E}.Debug|Any CPU.Build.0 = Debug|Any CPU
		{6DF6B175-8002-44C4-B26E-51452666035E}.Release|Any CPU.ActiveCfg = Release|Any CPU
		{6DF6B175-8002-44C4-B26E-51452666035E}.Release|Any CPU.Build.0 = Release|Any CPU
	EndGlobalSection
	GlobalSection(SolutionProperties) = preSolution
		HideSolutionNode = FALSE
	EndGlobalSection
	GlobalSection(ExtensibilityGlobals) = postSolution
		SolutionGuid = {E4A921A3-CD14-43D9-907E-CAB8AC04E3BB}
	EndGlobalSection
EndGlobal
