
Microsoft Visual Studio Solution File, Format Version 12.00
# Visual Studio Version 16
VisualStudioVersion = 16.0.28803.202
MinimumVisualStudioVersion = 10.0.40219.1
Project("{FAE04EC0-301F-11D3-BF4B-00C04F79EFBC}") = "Skaičius", "Skaičius\Skaičius.csproj", "{F6978CE5-968D-46C7-9F65-9BB3272E66F8}"
EndProject
Global
	GlobalSection(SolutionConfigurationPlatforms) = preSolution
		Debug|Any CPU = Debug|Any CPU
		Release|Any CPU = Release|Any CPU
	EndGlobalSection
	GlobalSection(ProjectConfigurationPlatforms) = postSolution
		{F6978CE5-968D-46C7-9F65-9BB3272E66F8}.Debug|Any CPU.ActiveCfg = Debug|Any CPU
		{F6978CE5-968D-46C7-9F65-9BB3272E66F8}.Debug|Any CPU.Build.0 = Debug|Any CPU
		{F6978CE5-968D-46C7-9F65-9BB3272E66F8}.Release|Any CPU.ActiveCfg = Release|Any CPU
		{F6978CE5-968D-46C7-9F65-9BB3272E66F8}.Release|Any CPU.Build.0 = Release|Any CPU
	EndGlobalSection
	GlobalSection(SolutionProperties) = preSolution
		HideSolutionNode = FALSE
	EndGlobalSection
	GlobalSection(ExtensibilityGlobals) = postSolution
		SolutionGuid = {BAB57D93-EEB3-487C-9C92-78F5D419ADBF}
	EndGlobalSection
EndGlobal
