
Microsoft Visual Studio Solution File, Format Version 12.00
# Visual Studio Version 16
VisualStudioVersion = 16.0.28803.352
MinimumVisualStudioVersion = 10.0.40219.1
Project("{FAE04EC0-301F-11D3-BF4B-00C04F79EFBC}") = "Funkcija išveda bet kokį vardą", "Funkcija išveda bet kokį vardą\Funkcija išveda bet kokį vardą.csproj", "{5A284412-3F76-4821-B220-987AF67817F5}"
EndProject
Global
	GlobalSection(SolutionConfigurationPlatforms) = preSolution
		Debug|Any CPU = Debug|Any CPU
		Release|Any CPU = Release|Any CPU
	EndGlobalSection
	GlobalSection(ProjectConfigurationPlatforms) = postSolution
		{5A284412-3F76-4821-B220-987AF67817F5}.Debug|Any CPU.ActiveCfg = Debug|Any CPU
		{5A284412-3F76-4821-B220-987AF67817F5}.Debug|Any CPU.Build.0 = Debug|Any CPU
		{5A284412-3F76-4821-B220-987AF67817F5}.Release|Any CPU.ActiveCfg = Release|Any CPU
		{5A284412-3F76-4821-B220-987AF67817F5}.Release|Any CPU.Build.0 = Release|Any CPU
	EndGlobalSection
	GlobalSection(SolutionProperties) = preSolution
		HideSolutionNode = FALSE
	EndGlobalSection
	GlobalSection(ExtensibilityGlobals) = postSolution
		SolutionGuid = {3D29B626-6328-4071-89B5-43FAB19B3807}
	EndGlobalSection
EndGlobal
