
Microsoft Visual Studio Solution File, Format Version 12.00
# Visual Studio Version 16
VisualStudioVersion = 16.0.28803.202
MinimumVisualStudioVersion = 10.0.40219.1
Project("{FAE04EC0-301F-11D3-BF4B-00C04F79EFBC}") = "Pridėjimas", "Pridėjimas\Pridėjimas.csproj", "{5E0D2894-B2CE-425D-B4F1-6EC9CD358433}"
EndProject
Global
	GlobalSection(SolutionConfigurationPlatforms) = preSolution
		Debug|Any CPU = Debug|Any CPU
		Release|Any CPU = Release|Any CPU
	EndGlobalSection
	GlobalSection(ProjectConfigurationPlatforms) = postSolution
		{5E0D2894-B2CE-425D-B4F1-6EC9CD358433}.Debug|Any CPU.ActiveCfg = Debug|Any CPU
		{5E0D2894-B2CE-425D-B4F1-6EC9CD358433}.Debug|Any CPU.Build.0 = Debug|Any CPU
		{5E0D2894-B2CE-425D-B4F1-6EC9CD358433}.Release|Any CPU.ActiveCfg = Release|Any CPU
		{5E0D2894-B2CE-425D-B4F1-6EC9CD358433}.Release|Any CPU.Build.0 = Release|Any CPU
	EndGlobalSection
	GlobalSection(SolutionProperties) = preSolution
		HideSolutionNode = FALSE
	EndGlobalSection
	GlobalSection(ExtensibilityGlobals) = postSolution
		SolutionGuid = {8FC0762D-2B0A-4C42-8DFA-D2E2FB81E80B}
	EndGlobalSection
EndGlobal
