
Microsoft Visual Studio Solution File, Format Version 12.00
# Visual Studio Version 16
VisualStudioVersion = 16.0.28803.352
MinimumVisualStudioVersion = 10.0.40219.1
Project("{FAE04EC0-301F-11D3-BF4B-00C04F79EFBC}") = "Ilgas skaičius", "Ilgas skaičius\Ilgas skaičius.csproj", "{A096C60E-1D4B-46CF-A5AB-6FB4E34FB17F}"
EndProject
Global
	GlobalSection(SolutionConfigurationPlatforms) = preSolution
		Debug|Any CPU = Debug|Any CPU
		Release|Any CPU = Release|Any CPU
	EndGlobalSection
	GlobalSection(ProjectConfigurationPlatforms) = postSolution
		{A096C60E-1D4B-46CF-A5AB-6FB4E34FB17F}.Debug|Any CPU.ActiveCfg = Debug|Any CPU
		{A096C60E-1D4B-46CF-A5AB-6FB4E34FB17F}.Debug|Any CPU.Build.0 = Debug|Any CPU
		{A096C60E-1D4B-46CF-A5AB-6FB4E34FB17F}.Release|Any CPU.ActiveCfg = Release|Any CPU
		{A096C60E-1D4B-46CF-A5AB-6FB4E34FB17F}.Release|Any CPU.Build.0 = Release|Any CPU
	EndGlobalSection
	GlobalSection(SolutionProperties) = preSolution
		HideSolutionNode = FALSE
	EndGlobalSection
	GlobalSection(ExtensibilityGlobals) = postSolution
		SolutionGuid = {B82DE238-FFDF-4D4C-BB8D-A916F9007A47}
	EndGlobalSection
EndGlobal
