
Microsoft Visual Studio Solution File, Format Version 12.00
# Visual Studio Version 16
VisualStudioVersion = 16.0.28803.202
MinimumVisualStudioVersion = 10.0.40219.1
Project("{FAE04EC0-301F-11D3-BF4B-00C04F79EFBC}") = "sbyte", "sbyte\sbyte.csproj", "{139C9115-9949-426A-8DE5-4A1BA0283214}"
EndProject
Global
	GlobalSection(SolutionConfigurationPlatforms) = preSolution
		Debug|Any CPU = Debug|Any CPU
		Release|Any CPU = Release|Any CPU
	EndGlobalSection
	GlobalSection(ProjectConfigurationPlatforms) = postSolution
		{139C9115-9949-426A-8DE5-4A1BA0283214}.Debug|Any CPU.ActiveCfg = Debug|Any CPU
		{139C9115-9949-426A-8DE5-4A1BA0283214}.Debug|Any CPU.Build.0 = Debug|Any CPU
		{139C9115-9949-426A-8DE5-4A1BA0283214}.Release|Any CPU.ActiveCfg = Release|Any CPU
		{139C9115-9949-426A-8DE5-4A1BA0283214}.Release|Any CPU.Build.0 = Release|Any CPU
	EndGlobalSection
	GlobalSection(SolutionProperties) = preSolution
		HideSolutionNode = FALSE
	EndGlobalSection
	GlobalSection(ExtensibilityGlobals) = postSolution
		SolutionGuid = {1A0CE3F0-A18A-4E49-B9D6-3AAB417C71EC}
	EndGlobalSection
EndGlobal
