
Microsoft Visual Studio Solution File, Format Version 12.00
# Visual Studio Version 16
VisualStudioVersion = 16.0.28803.202
MinimumVisualStudioVersion = 10.0.40219.1
Project("{FAE04EC0-301F-11D3-BF4B-00C04F79EFBC}") = "Mokykla", "Mokykla\Mokykla.csproj", "{55FB435F-5627-4573-BC63-4614C3FCEF9F}"
EndProject
Global
	GlobalSection(SolutionConfigurationPlatforms) = preSolution
		Debug|Any CPU = Debug|Any CPU
		Release|Any CPU = Release|Any CPU
	EndGlobalSection
	GlobalSection(ProjectConfigurationPlatforms) = postSolution
		{55FB435F-5627-4573-BC63-4614C3FCEF9F}.Debug|Any CPU.ActiveCfg = Debug|Any CPU
		{55FB435F-5627-4573-BC63-4614C3FCEF9F}.Debug|Any CPU.Build.0 = Debug|Any CPU
		{55FB435F-5627-4573-BC63-4614C3FCEF9F}.Release|Any CPU.ActiveCfg = Release|Any CPU
		{55FB435F-5627-4573-BC63-4614C3FCEF9F}.Release|Any CPU.Build.0 = Release|Any CPU
	EndGlobalSection
	GlobalSection(SolutionProperties) = preSolution
		HideSolutionNode = FALSE
	EndGlobalSection
	GlobalSection(ExtensibilityGlobals) = postSolution
		SolutionGuid = {9808715A-3088-47FC-9C12-7F6FD5DA8906}
	EndGlobalSection
EndGlobal
