
Microsoft Visual Studio Solution File, Format Version 12.00
# Visual Studio Version 16
VisualStudioVersion = 16.0.28803.352
MinimumVisualStudioVersion = 10.0.40219.1
Project("{FAE04EC0-301F-11D3-BF4B-00C04F79EFBC}") = "ND3", "ND3\ND3.csproj", "{73D55B91-7726-4F2D-A382-A6A416776FCA}"
EndProject
Global
	GlobalSection(SolutionConfigurationPlatforms) = preSolution
		Debug|Any CPU = Debug|Any CPU
		Release|Any CPU = Release|Any CPU
	EndGlobalSection
	GlobalSection(ProjectConfigurationPlatforms) = postSolution
		{73D55B91-7726-4F2D-A382-A6A416776FCA}.Debug|Any CPU.ActiveCfg = Debug|Any CPU
		{73D55B91-7726-4F2D-A382-A6A416776FCA}.Debug|Any CPU.Build.0 = Debug|Any CPU
		{73D55B91-7726-4F2D-A382-A6A416776FCA}.Release|Any CPU.ActiveCfg = Release|Any CPU
		{73D55B91-7726-4F2D-A382-A6A416776FCA}.Release|Any CPU.Build.0 = Release|Any CPU
	EndGlobalSection
	GlobalSection(SolutionProperties) = preSolution
		HideSolutionNode = FALSE
	EndGlobalSection
	GlobalSection(ExtensibilityGlobals) = postSolution
		SolutionGuid = {67ACF536-B4FD-48D5-8642-84E5547D22D0}
	EndGlobalSection
EndGlobal
